
Microsoft Visual Studio Solution File, Format Version 12.00
# Visual Studio 14
VisualStudioVersion = 14.0.25420.1
MinimumVisualStudioVersion = 10.0.40219.1
Project("{FAE04EC0-301F-11D3-BF4B-00C04F79EFBC}") = "helpdesk", "helpdesk\helpdesk.csproj", "{63F4306A-A8BB-4745-BE19-435A6E4297E5}"
EndProject
Project("{FAE04EC0-301F-11D3-BF4B-00C04F79EFBC}") = "helpdesk.Tests", "helpdesk.Tests\helpdesk.Tests.csproj", "{D8727A00-72D1-4043-B6FB-C2E2ABD89EE6}"
EndProject
Global
	GlobalSection(SolutionConfigurationPlatforms) = preSolution
		Debug|Any CPU = Debug|Any CPU
		Release|Any CPU = Release|Any CPU
	EndGlobalSection
	GlobalSection(ProjectConfigurationPlatforms) = postSolution
		{63F4306A-A8BB-4745-BE19-435A6E4297E5}.Debug|Any CPU.ActiveCfg = Debug|Any CPU
		{63F4306A-A8BB-4745-BE19-435A6E4297E5}.Debug|Any CPU.Build.0 = Debug|Any CPU
		{63F4306A-A8BB-4745-BE19-435A6E4297E5}.Release|Any CPU.ActiveCfg = Release|Any CPU
		{63F4306A-A8BB-4745-BE19-435A6E4297E5}.Release|Any CPU.Build.0 = Release|Any CPU
		{D8727A00-72D1-4043-B6FB-C2E2ABD89EE6}.Debug|Any CPU.ActiveCfg = Debug|Any CPU
		{D8727A00-72D1-4043-B6FB-C2E2ABD89EE6}.Debug|Any CPU.Build.0 = Debug|Any CPU
		{D8727A00-72D1-4043-B6FB-C2E2ABD89EE6}.Release|Any CPU.ActiveCfg = Release|Any CPU
		{D8727A00-72D1-4043-B6FB-C2E2ABD89EE6}.Release|Any CPU.Build.0 = Release|Any CPU
	EndGlobalSection
	GlobalSection(SolutionProperties) = preSolution
		HideSolutionNode = FALSE
	EndGlobalSection
EndGlobal
